// !$*UTF8*$!
{
	archiveVersion = 1;
	classes = {
	};
	objectVersion = 46;
	objects = {

/* Begin PBXBuildFile section */
		09ABD58616E8ECF300290BB3 /* UIKit.framework in Frameworks */ = {isa = PBXBuildFile; fileRef = 09ABD58516E8ECF300290BB3 /* UIKit.framework */; };
		09ABD58816E8ECF300290BB3 /* Foundation.framework in Frameworks */ = {isa = PBXBuildFile; fileRef = 09ABD58716E8ECF300290BB3 /* Foundation.framework */; };
		09ABD58A16E8ECF300290BB3 /* CoreGraphics.framework in Frameworks */ = {isa = PBXBuildFile; fileRef = 09ABD58916E8ECF300290BB3 /* CoreGraphics.framework */; };
		09ABD59016E8ECF300290BB3 /* InfoPlist.strings in Resources */ = {isa = PBXBuildFile; fileRef = 09ABD58E16E8ECF300290BB3 /* InfoPlist.strings */; };
		09ABD59216E8ECF300290BB3 /* main.m in Sources */ = {isa = PBXBuildFile; fileRef = 09ABD59116E8ECF300290BB3 /* main.m */; };
		09ABD59616E8ECF300290BB3 /* AppDelegate.m in Sources */ = {isa = PBXBuildFile; fileRef = 09ABD59516E8ECF300290BB3 /* AppDelegate.m */; };
		09ABD59816E8ECF300290BB3 /* Default.png in Resources */ = {isa = PBXBuildFile; fileRef = 09ABD59716E8ECF300290BB3 /* Default.png */; };
		09ABD59A16E8ECF300290BB3 /* Default@2x.png in Resources */ = {isa = PBXBuildFile; fileRef = 09ABD59916E8ECF300290BB3 /* Default@2x.png */; };
		09ABD59C16E8ECF300290BB3 /* Default-568h@2x.png in Resources */ = {isa = PBXBuildFile; fileRef = 09ABD59B16E8ECF300290BB3 /* Default-568h@2x.png */; };
		32C47E121BF6387500E06372 /* GeometryTestingHelper.m in Sources */ = {isa = PBXBuildFile; fileRef = BF9303A636A8ECB35132EAAD /* GeometryTestingHelper.m */; };
		32C47E131BF6387500E06372 /* MCUIViewLayoutPositionTest.m in Sources */ = {isa = PBXBuildFile; fileRef = BF93022FB48635DBB10A1506 /* MCUIViewLayoutPositionTest.m */; };
		32C47E141BF6387500E06372 /* UIView_MCLayoutBesideSiblingTest.m in Sources */ = {isa = PBXBuildFile; fileRef = 915CC680291CC2F230EF5371 /* UIView_MCLayoutBesideSiblingTest.m */; };
		32C47E151BF6387500E06372 /* UIView_MCLayoutInSuperViewAndBesideSibling.m in Sources */ = {isa = PBXBuildFile; fileRef = 915CC366DEE25CFB00E321F8 /* UIView_MCLayoutInSuperViewAndBesideSibling.m */; };
		32C47E161BF6387500E06372 /* UIView_MCLayoutInSuperViewTest.m in Sources */ = {isa = PBXBuildFile; fileRef = 5E6C83511746A74F00BB872E /* UIView_MCLayoutInSuperViewTest.m */; };
		32C47E171BF6387500E06372 /* UIView_MCLayoutSizeAndPositionBaseMethodTest.m in Sources */ = {isa = PBXBuildFile; fileRef = 915CCBBDF035C678C368819F /* UIView_MCLayoutSizeAndPositionBaseMethodTest.m */; };
		32C47E181BF6387500E06372 /* UIView_MCLayoutSizeToFitInSuperViewTest.m in Sources */ = {isa = PBXBuildFile; fileRef = 915CC081DFB9902B9C2DBD5F /* UIView_MCLayoutSizeToFitInSuperViewTest.m */; };
		32C47E191BF6387500E06372 /* UIView_MCLayoutSizeToFitWithSiblingTest.m in Sources */ = {isa = PBXBuildFile; fileRef = 915CC501F5EB6AEBD5A89A8C /* UIView_MCLayoutSizeToFitWithSiblingTest.m */; };
		915CC036C17BE1BC5CCE2517 /* UIView+MCLayoutDeprecated.m in Sources */ = {isa = PBXBuildFile; fileRef = 915CC490438FC7F0C4280A4E /* UIView+MCLayoutDeprecated.m */; };
		915CC1C38A309CC53EF0A7BC /* MCUIViewExampleUIFactory.m in Sources */ = {isa = PBXBuildFile; fileRef = 915CC2122AFA59E400174116 /* MCUIViewExampleUIFactory.m */; };
		915CC234176C38B004A184DA /* MCUIViewLayoutRootController.m in Sources */ = {isa = PBXBuildFile; fileRef = 915CCFD54737A43192F21DB9 /* MCUIViewLayoutRootController.m */; };
		915CC73967A80F9F4CC9355B /* MCUIViewLayoutExampleSpecialCases.m in Sources */ = {isa = PBXBuildFile; fileRef = 915CC932DAFE7D2E68CC0B40 /* MCUIViewLayoutExampleSpecialCases.m */; };
		915CCA7A367EF8173AB5D7E3 /* MCUIViewLayoutExampleMenuView.m in Sources */ = {isa = PBXBuildFile; fileRef = 915CCAFCAE539F379DDA60E1 /* MCUIViewLayoutExampleMenuView.m */; };
		915CCAB408003F7D205D454C /* MCUIViewLayoutExampleSetPositionSizeToFit.m in Sources */ = {isa = PBXBuildFile; fileRef = 915CC696D0B40EAA64A21AAD /* MCUIViewLayoutExampleSetPositionSizeToFit.m */; };
		915CCC00441E907727365383 /* MCUIViewLayoutExampleSetPosition.m in Sources */ = {isa = PBXBuildFile; fileRef = 915CC9F339EE34C5EFB71925 /* MCUIViewLayoutExampleSetPosition.m */; };
		915CCD3D1192C7EE590BBBC3 /* MCUIViewLayoutExampleSetRelativePosition.m in Sources */ = {isa = PBXBuildFile; fileRef = 915CCB9122A70EB9F47C5BB7 /* MCUIViewLayoutExampleSetRelativePosition.m */; };
		BF930920665F2EF890D53326 /* MCUIViewLayoutPosition.m in Sources */ = {isa = PBXBuildFile; fileRef = BF93017C2A02E04CC15591BF /* MCUIViewLayoutPosition.m */; };
		FA41FEF91703D35100071708 /* UIView+MCLayout.m in Sources */ = {isa = PBXBuildFile; fileRef = FA41FEF81703D35100071708 /* UIView+MCLayout.m */; };
/* End PBXBuildFile section */

/* Begin PBXContainerItemProxy section */
		32C47E0C1BF637E100E06372 /* PBXContainerItemProxy */ = {
			isa = PBXContainerItemProxy;
			containerPortal = 09ABD57A16E8ECF200290BB3 /* Project object */;
			proxyType = 1;
			remoteGlobalIDString = 09ABD58116E8ECF300290BB3;
			remoteInfo = UIViewLayoutExample;
		};
/* End PBXContainerItemProxy section */

/* Begin PBXFileReference section */
		09ABD58216E8ECF300290BB3 /* UIViewLayoutExample.app */ = {isa = PBXFileReference; explicitFileType = wrapper.application; includeInIndex = 0; path = UIViewLayoutExample.app; sourceTree = BUILT_PRODUCTS_DIR; };
		09ABD58516E8ECF300290BB3 /* UIKit.framework */ = {isa = PBXFileReference; lastKnownFileType = wrapper.framework; name = UIKit.framework; path = System/Library/Frameworks/UIKit.framework; sourceTree = SDKROOT; };
		09ABD58716E8ECF300290BB3 /* Foundation.framework */ = {isa = PBXFileReference; lastKnownFileType = wrapper.framework; name = Foundation.framework; path = System/Library/Frameworks/Foundation.framework; sourceTree = SDKROOT; };
		09ABD58916E8ECF300290BB3 /* CoreGraphics.framework */ = {isa = PBXFileReference; lastKnownFileType = wrapper.framework; name = CoreGraphics.framework; path = System/Library/Frameworks/CoreGraphics.framework; sourceTree = SDKROOT; };
		09ABD58D16E8ECF300290BB3 /* UIViewLayoutExample-Info.plist */ = {isa = PBXFileReference; lastKnownFileType = text.plist.xml; path = "UIViewLayoutExample-Info.plist"; sourceTree = "<group>"; };
		09ABD58F16E8ECF300290BB3 /* en */ = {isa = PBXFileReference; lastKnownFileType = text.plist.strings; name = en; path = en.lproj/InfoPlist.strings; sourceTree = "<group>"; };
		09ABD59116E8ECF300290BB3 /* main.m */ = {isa = PBXFileReference; lastKnownFileType = sourcecode.c.objc; path = main.m; sourceTree = "<group>"; };
		09ABD59316E8ECF300290BB3 /* UIViewLayoutExample-Prefix.pch */ = {isa = PBXFileReference; lastKnownFileType = sourcecode.c.h; path = "UIViewLayoutExample-Prefix.pch"; sourceTree = "<group>"; };
		09ABD59416E8ECF300290BB3 /* AppDelegate.h */ = {isa = PBXFileReference; lastKnownFileType = sourcecode.c.h; path = AppDelegate.h; sourceTree = "<group>"; };
		09ABD59516E8ECF300290BB3 /* AppDelegate.m */ = {isa = PBXFileReference; lastKnownFileType = sourcecode.c.objc; path = AppDelegate.m; sourceTree = "<group>"; };
		09ABD59716E8ECF300290BB3 /* Default.png */ = {isa = PBXFileReference; lastKnownFileType = image.png; path = Default.png; sourceTree = "<group>"; };
		09ABD59916E8ECF300290BB3 /* Default@2x.png */ = {isa = PBXFileReference; lastKnownFileType = image.png; path = "Default@2x.png"; sourceTree = "<group>"; };
		09ABD59B16E8ECF300290BB3 /* Default-568h@2x.png */ = {isa = PBXFileReference; lastKnownFileType = image.png; path = "Default-568h@2x.png"; sourceTree = "<group>"; };
		32C47E071BF637E000E06372 /* UIViewLayoutExampleTests.xctest */ = {isa = PBXFileReference; explicitFileType = wrapper.cfbundle; includeInIndex = 0; path = UIViewLayoutExampleTests.xctest; sourceTree = BUILT_PRODUCTS_DIR; };
		32C47E0B1BF637E100E06372 /* Info.plist */ = {isa = PBXFileReference; lastKnownFileType = text.plist.xml; path = Info.plist; sourceTree = "<group>"; };
		5E6C83461746A74F00BB872E /* SenTestingKit.framework */ = {isa = PBXFileReference; lastKnownFileType = wrapper.framework; name = SenTestingKit.framework; path = Library/Frameworks/SenTestingKit.framework; sourceTree = DEVELOPER_DIR; };
		5E6C834C1746A74F00BB872E /* UIViewLayoutExampleTests-Info.plist */ = {isa = PBXFileReference; lastKnownFileType = text.plist.xml; path = "UIViewLayoutExampleTests-Info.plist"; sourceTree = "<group>"; };
		5E6C834E1746A74F00BB872E /* en */ = {isa = PBXFileReference; lastKnownFileType = text.plist.strings; name = en; path = en.lproj/InfoPlist.strings; sourceTree = "<group>"; };
		5E6C83511746A74F00BB872E /* UIView_MCLayoutInSuperViewTest.m */ = {isa = PBXFileReference; lastKnownFileType = sourcecode.c.objc; path = UIView_MCLayoutInSuperViewTest.m; sourceTree = "<group>"; };
		5E6C83531746A74F00BB872E /* UIViewLayoutExampleTests-Prefix.pch */ = {isa = PBXFileReference; lastKnownFileType = sourcecode.c.h; path = "UIViewLayoutExampleTests-Prefix.pch"; sourceTree = "<group>"; };
		915CC00B966DD189ED394F8E /* MCUIViewLayoutExampleSetPosition.h */ = {isa = PBXFileReference; fileEncoding = 4; lastKnownFileType = sourcecode.c.h; path = MCUIViewLayoutExampleSetPosition.h; sourceTree = "<group>"; };
		915CC081DFB9902B9C2DBD5F /* UIView_MCLayoutSizeToFitInSuperViewTest.m */ = {isa = PBXFileReference; fileEncoding = 4; lastKnownFileType = sourcecode.c.objc; path = UIView_MCLayoutSizeToFitInSuperViewTest.m; sourceTree = "<group>"; };
		915CC2122AFA59E400174116 /* MCUIViewExampleUIFactory.m */ = {isa = PBXFileReference; fileEncoding = 4; lastKnownFileType = sourcecode.c.objc; path = MCUIViewExampleUIFactory.m; sourceTree = "<group>"; };
		915CC366DEE25CFB00E321F8 /* UIView_MCLayoutInSuperViewAndBesideSibling.m */ = {isa = PBXFileReference; fileEncoding = 4; lastKnownFileType = sourcecode.c.objc; path = UIView_MCLayoutInSuperViewAndBesideSibling.m; sourceTree = "<group>"; };
		915CC490438FC7F0C4280A4E /* UIView+MCLayoutDeprecated.m */ = {isa = PBXFileReference; fileEncoding = 4; lastKnownFileType = sourcecode.c.objc; path = "UIView+MCLayoutDeprecated.m"; sourceTree = "<group>"; };
		915CC501F5EB6AEBD5A89A8C /* UIView_MCLayoutSizeToFitWithSiblingTest.m */ = {isa = PBXFileReference; fileEncoding = 4; lastKnownFileType = sourcecode.c.objc; path = UIView_MCLayoutSizeToFitWithSiblingTest.m; sourceTree = "<group>"; };
		915CC583EAC96379F74A17BA /* MCUIViewLayoutExampleSetRelativePosition.h */ = {isa = PBXFileReference; fileEncoding = 4; lastKnownFileType = sourcecode.c.h; path = MCUIViewLayoutExampleSetRelativePosition.h; sourceTree = "<group>"; };
		915CC5E96A22B9D2595F79FB /* UIView+MCLayoutDeprecated.h */ = {isa = PBXFileReference; fileEncoding = 4; lastKnownFileType = sourcecode.c.h; path = "UIView+MCLayoutDeprecated.h"; sourceTree = "<group>"; };
		915CC67EAEA729567597461B /* MCUIViewLayoutExampleSetPositionSizeToFit.h */ = {isa = PBXFileReference; fileEncoding = 4; lastKnownFileType = sourcecode.c.h; path = MCUIViewLayoutExampleSetPositionSizeToFit.h; sourceTree = "<group>"; };
		915CC680291CC2F230EF5371 /* UIView_MCLayoutBesideSiblingTest.m */ = {isa = PBXFileReference; fileEncoding = 4; lastKnownFileType = sourcecode.c.objc; path = UIView_MCLayoutBesideSiblingTest.m; sourceTree = "<group>"; };
		915CC696D0B40EAA64A21AAD /* MCUIViewLayoutExampleSetPositionSizeToFit.m */ = {isa = PBXFileReference; fileEncoding = 4; lastKnownFileType = sourcecode.c.objc; path = MCUIViewLayoutExampleSetPositionSizeToFit.m; sourceTree = "<group>"; };
		915CC932DAFE7D2E68CC0B40 /* MCUIViewLayoutExampleSpecialCases.m */ = {isa = PBXFileReference; fileEncoding = 4; lastKnownFileType = sourcecode.c.objc; path = MCUIViewLayoutExampleSpecialCases.m; sourceTree = "<group>"; };
		915CC9F339EE34C5EFB71925 /* MCUIViewLayoutExampleSetPosition.m */ = {isa = PBXFileReference; fileEncoding = 4; lastKnownFileType = sourcecode.c.objc; path = MCUIViewLayoutExampleSetPosition.m; sourceTree = "<group>"; };
		915CCAB334DF61FFB551D7B7 /* MCUIViewLayoutExampleMenuView.h */ = {isa = PBXFileReference; fileEncoding = 4; lastKnownFileType = sourcecode.c.h; path = MCUIViewLayoutExampleMenuView.h; sourceTree = "<group>"; };
		915CCAFCAE539F379DDA60E1 /* MCUIViewLayoutExampleMenuView.m */ = {isa = PBXFileReference; fileEncoding = 4; lastKnownFileType = sourcecode.c.objc; path = MCUIViewLayoutExampleMenuView.m; sourceTree = "<group>"; };
		915CCB9122A70EB9F47C5BB7 /* MCUIViewLayoutExampleSetRelativePosition.m */ = {isa = PBXFileReference; fileEncoding = 4; lastKnownFileType = sourcecode.c.objc; path = MCUIViewLayoutExampleSetRelativePosition.m; sourceTree = "<group>"; };
		915CCBBDF035C678C368819F /* UIView_MCLayoutSizeAndPositionBaseMethodTest.m */ = {isa = PBXFileReference; fileEncoding = 4; lastKnownFileType = sourcecode.c.objc; path = UIView_MCLayoutSizeAndPositionBaseMethodTest.m; sourceTree = "<group>"; };
		915CCE135A368C4FB533AF06 /* MCUIViewLayoutExampleSpecialCases.h */ = {isa = PBXFileReference; fileEncoding = 4; lastKnownFileType = sourcecode.c.h; path = MCUIViewLayoutExampleSpecialCases.h; sourceTree = "<group>"; };
		915CCE9B66464E120F02DF6F /* MCUIViewLayoutRootController.h */ = {isa = PBXFileReference; fileEncoding = 4; lastKnownFileType = sourcecode.c.h; path = MCUIViewLayoutRootController.h; sourceTree = "<group>"; };
		915CCF1DC8E609DEFDA5004D /* MCUIViewExampleUIFactory.h */ = {isa = PBXFileReference; fileEncoding = 4; lastKnownFileType = sourcecode.c.h; path = MCUIViewExampleUIFactory.h; sourceTree = "<group>"; };
		915CCFD54737A43192F21DB9 /* MCUIViewLayoutRootController.m */ = {isa = PBXFileReference; fileEncoding = 4; lastKnownFileType = sourcecode.c.objc; path = MCUIViewLayoutRootController.m; sourceTree = "<group>"; };
		BF93017C2A02E04CC15591BF /* MCUIViewLayoutPosition.m */ = {isa = PBXFileReference; fileEncoding = 4; lastKnownFileType = sourcecode.c.objc; path = MCUIViewLayoutPosition.m; sourceTree = "<group>"; };
		BF93022FB48635DBB10A1506 /* MCUIViewLayoutPositionTest.m */ = {isa = PBXFileReference; fileEncoding = 4; lastKnownFileType = sourcecode.c.objc; path = MCUIViewLayoutPositionTest.m; sourceTree = "<group>"; };
		BF9303A636A8ECB35132EAAD /* GeometryTestingHelper.m */ = {isa = PBXFileReference; fileEncoding = 4; lastKnownFileType = sourcecode.c.objc; path = GeometryTestingHelper.m; sourceTree = "<group>"; };
		BF9305FFE48374C7414278C6 /* GeometryTestingHelper.h */ = {isa = PBXFileReference; fileEncoding = 4; lastKnownFileType = sourcecode.c.h; path = GeometryTestingHelper.h; sourceTree = "<group>"; };
		BF930D8EB447693A4A094EA0 /* MCUIViewLayoutPosition.h */ = {isa = PBXFileReference; fileEncoding = 4; lastKnownFileType = sourcecode.c.h; path = MCUIViewLayoutPosition.h; sourceTree = "<group>"; };
		FA41FEF71703D35100071708 /* UIView+MCLayout.h */ = {isa = PBXFileReference; fileEncoding = 4; lastKnownFileType = sourcecode.c.h; path = "UIView+MCLayout.h"; sourceTree = "<group>"; };
		FA41FEF81703D35100071708 /* UIView+MCLayout.m */ = {isa = PBXFileReference; fileEncoding = 4; lastKnownFileType = sourcecode.c.objc; path = "UIView+MCLayout.m"; sourceTree = "<group>"; };
/* End PBXFileReference section */

/* Begin PBXFrameworksBuildPhase section */
		09ABD57F16E8ECF300290BB3 /* Frameworks */ = {
			isa = PBXFrameworksBuildPhase;
			buildActionMask = 2147483647;
			files = (
				09ABD58616E8ECF300290BB3 /* UIKit.framework in Frameworks */,
				09ABD58816E8ECF300290BB3 /* Foundation.framework in Frameworks */,
				09ABD58A16E8ECF300290BB3 /* CoreGraphics.framework in Frameworks */,
			);
			runOnlyForDeploymentPostprocessing = 0;
		};
		32C47E041BF637E000E06372 /* Frameworks */ = {
			isa = PBXFrameworksBuildPhase;
			buildActionMask = 2147483647;
			files = (
			);
			runOnlyForDeploymentPostprocessing = 0;
		};
/* End PBXFrameworksBuildPhase section */

/* Begin PBXGroup section */
		09ABD57916E8ECF200290BB3 = {
			isa = PBXGroup;
			children = (
				FA41FEF61703D35100071708 /* MCUIViewLayout */,
				09ABD58B16E8ECF300290BB3 /* UIViewLayoutExample */,
				5E6C834A1746A74F00BB872E /* UIViewLayoutExampleTests */,
				32C47E081BF637E100E06372 /* UIViewLayoutExampleTests */,
				09ABD58416E8ECF300290BB3 /* Frameworks */,
				09ABD58316E8ECF300290BB3 /* Products */,
			);
			sourceTree = "<group>";
		};
		09ABD58316E8ECF300290BB3 /* Products */ = {
			isa = PBXGroup;
			children = (
				09ABD58216E8ECF300290BB3 /* UIViewLayoutExample.app */,
				32C47E071BF637E000E06372 /* UIViewLayoutExampleTests.xctest */,
			);
			name = Products;
			sourceTree = "<group>";
		};
		09ABD58416E8ECF300290BB3 /* Frameworks */ = {
			isa = PBXGroup;
			children = (
				09ABD58516E8ECF300290BB3 /* UIKit.framework */,
				09ABD58716E8ECF300290BB3 /* Foundation.framework */,
				09ABD58916E8ECF300290BB3 /* CoreGraphics.framework */,
				5E6C83461746A74F00BB872E /* SenTestingKit.framework */,
			);
			name = Frameworks;
			sourceTree = "<group>";
		};
		09ABD58B16E8ECF300290BB3 /* UIViewLayoutExample */ = {
			isa = PBXGroup;
			children = (
				09ABD59416E8ECF300290BB3 /* AppDelegate.h */,
				09ABD59516E8ECF300290BB3 /* AppDelegate.m */,
				09ABD58C16E8ECF300290BB3 /* Supporting Files */,
				915CCFD54737A43192F21DB9 /* MCUIViewLayoutRootController.m */,
				915CCE9B66464E120F02DF6F /* MCUIViewLayoutRootController.h */,
				915CC9F339EE34C5EFB71925 /* MCUIViewLayoutExampleSetPosition.m */,
				915CC00B966DD189ED394F8E /* MCUIViewLayoutExampleSetPosition.h */,
				915CCAFCAE539F379DDA60E1 /* MCUIViewLayoutExampleMenuView.m */,
				915CCAB334DF61FFB551D7B7 /* MCUIViewLayoutExampleMenuView.h */,
				915CCB9122A70EB9F47C5BB7 /* MCUIViewLayoutExampleSetRelativePosition.m */,
				915CC583EAC96379F74A17BA /* MCUIViewLayoutExampleSetRelativePosition.h */,
				915CC2122AFA59E400174116 /* MCUIViewExampleUIFactory.m */,
				915CCF1DC8E609DEFDA5004D /* MCUIViewExampleUIFactory.h */,
				915CC696D0B40EAA64A21AAD /* MCUIViewLayoutExampleSetPositionSizeToFit.m */,
				915CC67EAEA729567597461B /* MCUIViewLayoutExampleSetPositionSizeToFit.h */,
				915CC932DAFE7D2E68CC0B40 /* MCUIViewLayoutExampleSpecialCases.m */,
				915CCE135A368C4FB533AF06 /* MCUIViewLayoutExampleSpecialCases.h */,
			);
			path = UIViewLayoutExample;
			sourceTree = "<group>";
		};
		09ABD58C16E8ECF300290BB3 /* Supporting Files */ = {
			isa = PBXGroup;
			children = (
				09ABD58D16E8ECF300290BB3 /* UIViewLayoutExample-Info.plist */,
				09ABD58E16E8ECF300290BB3 /* InfoPlist.strings */,
				09ABD59116E8ECF300290BB3 /* main.m */,
				09ABD59316E8ECF300290BB3 /* UIViewLayoutExample-Prefix.pch */,
				09ABD59716E8ECF300290BB3 /* Default.png */,
				09ABD59916E8ECF300290BB3 /* Default@2x.png */,
				09ABD59B16E8ECF300290BB3 /* Default-568h@2x.png */,
			);
			name = "Supporting Files";
			sourceTree = "<group>";
		};
		32C47E081BF637E100E06372 /* UIViewLayoutExampleTests */ = {
			isa = PBXGroup;
			children = (
				5E6C83531746A74F00BB872E /* UIViewLayoutExampleTests-Prefix.pch */,
				BF9305FFE48374C7414278C6 /* GeometryTestingHelper.h */,
				BF9303A636A8ECB35132EAAD /* GeometryTestingHelper.m */,
				BF93022FB48635DBB10A1506 /* MCUIViewLayoutPositionTest.m */,
				915CC680291CC2F230EF5371 /* UIView_MCLayoutBesideSiblingTest.m */,
				915CC366DEE25CFB00E321F8 /* UIView_MCLayoutInSuperViewAndBesideSibling.m */,
				5E6C83511746A74F00BB872E /* UIView_MCLayoutInSuperViewTest.m */,
				915CCBBDF035C678C368819F /* UIView_MCLayoutSizeAndPositionBaseMethodTest.m */,
				915CC081DFB9902B9C2DBD5F /* UIView_MCLayoutSizeToFitInSuperViewTest.m */,
				915CC501F5EB6AEBD5A89A8C /* UIView_MCLayoutSizeToFitWithSiblingTest.m */,
				32C47E0B1BF637E100E06372 /* Info.plist */,
			);
			path = UIViewLayoutExampleTests;
			sourceTree = "<group>";
		};
		5E6C834A1746A74F00BB872E /* UIViewLayoutExampleTests */ = {
			isa = PBXGroup;
			children = (
				5E6C834B1746A74F00BB872E /* Supporting Files */,
			);
			path = UIViewLayoutExampleTests;
			sourceTree = "<group>";
		};
		5E6C834B1746A74F00BB872E /* Supporting Files */ = {
			isa = PBXGroup;
			children = (
				5E6C834C1746A74F00BB872E /* UIViewLayoutExampleTests-Info.plist */,
				5E6C834D1746A74F00BB872E /* InfoPlist.strings */,
			);
			name = "Supporting Files";
			sourceTree = "<group>";
		};
		FA41FEF61703D35100071708 /* MCUIViewLayout */ = {
			isa = PBXGroup;
			children = (
				FA41FEF71703D35100071708 /* UIView+MCLayout.h */,
				FA41FEF81703D35100071708 /* UIView+MCLayout.m */,
				BF930D8EB447693A4A094EA0 /* MCUIViewLayoutPosition.h */,
				BF93017C2A02E04CC15591BF /* MCUIViewLayoutPosition.m */,
				915CC490438FC7F0C4280A4E /* UIView+MCLayoutDeprecated.m */,
				915CC5E96A22B9D2595F79FB /* UIView+MCLayoutDeprecated.h */,
			);
			name = MCUIViewLayout;
			path = ../MCUIViewLayout;
			sourceTree = "<group>";
		};
/* End PBXGroup section */

/* Begin PBXNativeTarget section */
		09ABD58116E8ECF300290BB3 /* UIViewLayoutExample */ = {
			isa = PBXNativeTarget;
			buildConfigurationList = 09ABD59F16E8ECF300290BB3 /* Build configuration list for PBXNativeTarget "UIViewLayoutExample" */;
			buildPhases = (
				09ABD57E16E8ECF300290BB3 /* Sources */,
				09ABD57F16E8ECF300290BB3 /* Frameworks */,
				09ABD58016E8ECF300290BB3 /* Resources */,
			);
			buildRules = (
			);
			dependencies = (
			);
			name = UIViewLayoutExample;
			productName = UIViewLayoutExample;
			productReference = 09ABD58216E8ECF300290BB3 /* UIViewLayoutExample.app */;
			productType = "com.apple.product-type.application";
		};
		32C47E061BF637E000E06372 /* UIViewLayoutExampleTests */ = {
			isa = PBXNativeTarget;
			buildConfigurationList = 32C47E0E1BF637E100E06372 /* Build configuration list for PBXNativeTarget "UIViewLayoutExampleTests" */;
			buildPhases = (
				32C47E031BF637E000E06372 /* Sources */,
				32C47E041BF637E000E06372 /* Frameworks */,
				32C47E051BF637E000E06372 /* Resources */,
			);
			buildRules = (
			);
			dependencies = (
				32C47E0D1BF637E100E06372 /* PBXTargetDependency */,
			);
			name = UIViewLayoutExampleTests;
			productName = UIViewLayoutExampleTests;
			productReference = 32C47E071BF637E000E06372 /* UIViewLayoutExampleTests.xctest */;
			productType = "com.apple.product-type.bundle.unit-test";
		};
/* End PBXNativeTarget section */

/* Begin PBXProject section */
		09ABD57A16E8ECF200290BB3 /* Project object */ = {
			isa = PBXProject;
			attributes = {
				LastUpgradeCheck = 0710;
				ORGANIZATIONNAME = "Mirego, Inc.";
				TargetAttributes = {
					32C47E061BF637E000E06372 = {
						CreatedOnToolsVersion = 7.1.1;
						TestTargetID = 09ABD58116E8ECF300290BB3;
					};
				};
			};
			buildConfigurationList = 09ABD57D16E8ECF200290BB3 /* Build configuration list for PBXProject "UIViewLayoutExample" */;
			compatibilityVersion = "Xcode 3.2";
			developmentRegion = English;
			hasScannedForEncodings = 0;
			knownRegions = (
				en,
			);
			mainGroup = 09ABD57916E8ECF200290BB3;
			productRefGroup = 09ABD58316E8ECF300290BB3 /* Products */;
			projectDirPath = "";
			projectRoot = "";
			targets = (
				09ABD58116E8ECF300290BB3 /* UIViewLayoutExample */,
				32C47E061BF637E000E06372 /* UIViewLayoutExampleTests */,
			);
		};
/* End PBXProject section */

/* Begin PBXResourcesBuildPhase section */
		09ABD58016E8ECF300290BB3 /* Resources */ = {
			isa = PBXResourcesBuildPhase;
			buildActionMask = 2147483647;
			files = (
				09ABD59016E8ECF300290BB3 /* InfoPlist.strings in Resources */,
				09ABD59816E8ECF300290BB3 /* Default.png in Resources */,
				09ABD59A16E8ECF300290BB3 /* Default@2x.png in Resources */,
				09ABD59C16E8ECF300290BB3 /* Default-568h@2x.png in Resources */,
			);
			runOnlyForDeploymentPostprocessing = 0;
		};
		32C47E051BF637E000E06372 /* Resources */ = {
			isa = PBXResourcesBuildPhase;
			buildActionMask = 2147483647;
			files = (
			);
			runOnlyForDeploymentPostprocessing = 0;
		};
/* End PBXResourcesBuildPhase section */

/* Begin PBXSourcesBuildPhase section */
		09ABD57E16E8ECF300290BB3 /* Sources */ = {
			isa = PBXSourcesBuildPhase;
			buildActionMask = 2147483647;
			files = (
				09ABD59216E8ECF300290BB3 /* main.m in Sources */,
				09ABD59616E8ECF300290BB3 /* AppDelegate.m in Sources */,
				FA41FEF91703D35100071708 /* UIView+MCLayout.m in Sources */,
				915CC234176C38B004A184DA /* MCUIViewLayoutRootController.m in Sources */,
				915CCC00441E907727365383 /* MCUIViewLayoutExampleSetPosition.m in Sources */,
				915CCA7A367EF8173AB5D7E3 /* MCUIViewLayoutExampleMenuView.m in Sources */,
				915CCD3D1192C7EE590BBBC3 /* MCUIViewLayoutExampleSetRelativePosition.m in Sources */,
				915CC1C38A309CC53EF0A7BC /* MCUIViewExampleUIFactory.m in Sources */,
				BF930920665F2EF890D53326 /* MCUIViewLayoutPosition.m in Sources */,
				915CC036C17BE1BC5CCE2517 /* UIView+MCLayoutDeprecated.m in Sources */,
				915CCAB408003F7D205D454C /* MCUIViewLayoutExampleSetPositionSizeToFit.m in Sources */,
				915CC73967A80F9F4CC9355B /* MCUIViewLayoutExampleSpecialCases.m in Sources */,
			);
			runOnlyForDeploymentPostprocessing = 0;
		};
		32C47E031BF637E000E06372 /* Sources */ = {
			isa = PBXSourcesBuildPhase;
			buildActionMask = 2147483647;
			files = (
				32C47E121BF6387500E06372 /* GeometryTestingHelper.m in Sources */,
				32C47E191BF6387500E06372 /* UIView_MCLayoutSizeToFitWithSiblingTest.m in Sources */,
				32C47E171BF6387500E06372 /* UIView_MCLayoutSizeAndPositionBaseMethodTest.m in Sources */,
				32C47E151BF6387500E06372 /* UIView_MCLayoutInSuperViewAndBesideSibling.m in Sources */,
				32C47E181BF6387500E06372 /* UIView_MCLayoutSizeToFitInSuperViewTest.m in Sources */,
				32C47E131BF6387500E06372 /* MCUIViewLayoutPositionTest.m in Sources */,
				32C47E161BF6387500E06372 /* UIView_MCLayoutInSuperViewTest.m in Sources */,
				32C47E141BF6387500E06372 /* UIView_MCLayoutBesideSiblingTest.m in Sources */,
			);
			runOnlyForDeploymentPostprocessing = 0;
		};
/* End PBXSourcesBuildPhase section */

/* Begin PBXTargetDependency section */
		32C47E0D1BF637E100E06372 /* PBXTargetDependency */ = {
			isa = PBXTargetDependency;
			target = 09ABD58116E8ECF300290BB3 /* UIViewLayoutExample */;
			targetProxy = 32C47E0C1BF637E100E06372 /* PBXContainerItemProxy */;
		};
/* End PBXTargetDependency section */

/* Begin PBXVariantGroup section */
		09ABD58E16E8ECF300290BB3 /* InfoPlist.strings */ = {
			isa = PBXVariantGroup;
			children = (
				09ABD58F16E8ECF300290BB3 /* en */,
			);
			name = InfoPlist.strings;
			sourceTree = "<group>";
		};
		5E6C834D1746A74F00BB872E /* InfoPlist.strings */ = {
			isa = PBXVariantGroup;
			children = (
				5E6C834E1746A74F00BB872E /* en */,
			);
			name = InfoPlist.strings;
			sourceTree = "<group>";
		};
/* End PBXVariantGroup section */

/* Begin XCBuildConfiguration section */
		09ABD59D16E8ECF300290BB3 /* Debug */ = {
			isa = XCBuildConfiguration;
			buildSettings = {
				ALWAYS_SEARCH_USER_PATHS = NO;
				CLANG_CXX_LANGUAGE_STANDARD = "gnu++0x";
				CLANG_CXX_LIBRARY = "libc++";
				CLANG_ENABLE_OBJC_ARC = YES;
				CLANG_WARN_CONSTANT_CONVERSION = YES;
				CLANG_WARN_EMPTY_BODY = YES;
				CLANG_WARN_ENUM_CONVERSION = YES;
				CLANG_WARN_INT_CONVERSION = YES;
				CLANG_WARN__DUPLICATE_METHOD_MATCH = YES;
				"CODE_SIGN_IDENTITY[sdk=iphoneos*]" = "iPhone Developer";
				COPY_PHASE_STRIP = NO;
				ENABLE_TESTABILITY = YES;
				GCC_C_LANGUAGE_STANDARD = gnu99;
				GCC_DYNAMIC_NO_PIC = NO;
				GCC_OPTIMIZATION_LEVEL = 0;
				GCC_PREPROCESSOR_DEFINITIONS = (
					"DEBUG=1",
					"$(inherited)",
				);
				GCC_SYMBOLS_PRIVATE_EXTERN = NO;
				GCC_WARN_ABOUT_RETURN_TYPE = YES;
				GCC_WARN_UNINITIALIZED_AUTOS = YES;
				GCC_WARN_UNUSED_VARIABLE = YES;
				IPHONEOS_DEPLOYMENT_TARGET = 6.1;
				ONLY_ACTIVE_ARCH = YES;
				SDKROOT = iphoneos;
			};
			name = Debug;
		};
		09ABD59E16E8ECF300290BB3 /* Release */ = {
			isa = XCBuildConfiguration;
			buildSettings = {
				ALWAYS_SEARCH_USER_PATHS = NO;
				CLANG_CXX_LANGUAGE_STANDARD = "gnu++0x";
				CLANG_CXX_LIBRARY = "libc++";
				CLANG_ENABLE_OBJC_ARC = YES;
				CLANG_WARN_CONSTANT_CONVERSION = YES;
				CLANG_WARN_EMPTY_BODY = YES;
				CLANG_WARN_ENUM_CONVERSION = YES;
				CLANG_WARN_INT_CONVERSION = YES;
				CLANG_WARN__DUPLICATE_METHOD_MATCH = YES;
				"CODE_SIGN_IDENTITY[sdk=iphoneos*]" = "iPhone Developer";
				COPY_PHASE_STRIP = YES;
				GCC_C_LANGUAGE_STANDARD = gnu99;
				GCC_WARN_ABOUT_RETURN_TYPE = YES;
				GCC_WARN_UNINITIALIZED_AUTOS = YES;
				GCC_WARN_UNUSED_VARIABLE = YES;
				IPHONEOS_DEPLOYMENT_TARGET = 6.1;
				OTHER_CFLAGS = "-DNS_BLOCK_ASSERTIONS=1";
				SDKROOT = iphoneos;
				VALIDATE_PRODUCT = YES;
			};
			name = Release;
		};
		09ABD5A016E8ECF300290BB3 /* Debug */ = {
			isa = XCBuildConfiguration;
			buildSettings = {
				GCC_PRECOMPILE_PREFIX_HEADER = YES;
				GCC_PREFIX_HEADER = "UIViewLayoutExample/UIViewLayoutExample-Prefix.pch";
				INFOPLIST_FILE = "UIViewLayoutExample/UIViewLayoutExample-Info.plist";
				IPHONEOS_DEPLOYMENT_TARGET = 6.1;
				PRODUCT_BUNDLE_IDENTIFIER = "com.mirego.${PRODUCT_NAME:rfc1034identifier}";
				PRODUCT_NAME = "$(TARGET_NAME)";
				TARGETED_DEVICE_FAMILY = "1,2";
				WRAPPER_EXTENSION = app;
			};
			name = Debug;
		};
		09ABD5A116E8ECF300290BB3 /* Release */ = {
			isa = XCBuildConfiguration;
			buildSettings = {
				GCC_PRECOMPILE_PREFIX_HEADER = YES;
				GCC_PREFIX_HEADER = "UIViewLayoutExample/UIViewLayoutExample-Prefix.pch";
				INFOPLIST_FILE = "UIViewLayoutExample/UIViewLayoutExample-Info.plist";
				IPHONEOS_DEPLOYMENT_TARGET = 6.1;
				PRODUCT_BUNDLE_IDENTIFIER = "com.mirego.${PRODUCT_NAME:rfc1034identifier}";
				PRODUCT_NAME = "$(TARGET_NAME)";
				TARGETED_DEVICE_FAMILY = "1,2";
				WRAPPER_EXTENSION = app;
			};
			name = Release;
		};
		32C47E0F1BF637E100E06372 /* Debug */ = {
			isa = XCBuildConfiguration;
			buildSettings = {
				BUNDLE_LOADER = "$(TEST_HOST)";
				CLANG_ENABLE_MODULES = YES;
				CLANG_WARN_BOOL_CONVERSION = YES;
				CLANG_WARN_DIRECT_OBJC_ISA_USAGE = YES_ERROR;
				CLANG_WARN_OBJC_ROOT_CLASS = YES_ERROR;
				CLANG_WARN_UNREACHABLE_CODE = YES;
				DEBUG_INFORMATION_FORMAT = dwarf;
				ENABLE_STRICT_OBJC_MSGSEND = YES;
				GCC_NO_COMMON_BLOCKS = YES;
				GCC_PREFIX_HEADER = "UIViewLayoutExampleTests/UIViewLayoutExampleTests-Prefix.pch";
				GCC_WARN_64_TO_32_BIT_CONVERSION = YES;
				GCC_WARN_ABOUT_RETURN_TYPE = YES_ERROR;
				GCC_WARN_UNDECLARED_SELECTOR = YES;
				GCC_WARN_UNINITIALIZED_AUTOS = YES_AGGRESSIVE;
				GCC_WARN_UNUSED_FUNCTION = YES;
				INFOPLIST_FILE = UIViewLayoutExampleTests/Info.plist;
				IPHONEOS_DEPLOYMENT_TARGET = 9.1;
				LD_RUNPATH_SEARCH_PATHS = "$(inherited) @executable_path/Frameworks @loader_path/Frameworks";
				MTL_ENABLE_DEBUG_INFO = YES;
				PRODUCT_BUNDLE_IDENTIFIER = com.mirego.test.UIViewLayoutExampleTests;
				PRODUCT_NAME = "$(TARGET_NAME)";
				TEST_HOST = "$(BUILT_PRODUCTS_DIR)/UIViewLayoutExample.app/UIViewLayoutExample";
			};
			name = Debug;
		};
		32C47E101BF637E100E06372 /* Coverage */ = {
			isa = XCBuildConfiguration;
			buildSettings = {
				BUNDLE_LOADER = "$(TEST_HOST)";
				CLANG_ENABLE_MODULES = YES;
				CLANG_WARN_BOOL_CONVERSION = YES;
				CLANG_WARN_DIRECT_OBJC_ISA_USAGE = YES_ERROR;
				CLANG_WARN_OBJC_ROOT_CLASS = YES_ERROR;
				CLANG_WARN_UNREACHABLE_CODE = YES;
				COPY_PHASE_STRIP = NO;
				DEBUG_INFORMATION_FORMAT = "dwarf-with-dsym";
				ENABLE_NS_ASSERTIONS = NO;
				ENABLE_STRICT_OBJC_MSGSEND = YES;
				GCC_NO_COMMON_BLOCKS = YES;
				GCC_PREFIX_HEADER = "UIViewLayoutExampleTests/UIViewLayoutExampleTests-Prefix.pch";
				GCC_WARN_64_TO_32_BIT_CONVERSION = YES;
				GCC_WARN_ABOUT_RETURN_TYPE = YES_ERROR;
				GCC_WARN_UNDECLARED_SELECTOR = YES;
				GCC_WARN_UNINITIALIZED_AUTOS = YES_AGGRESSIVE;
				GCC_WARN_UNUSED_FUNCTION = YES;
				INFOPLIST_FILE = UIViewLayoutExampleTests/Info.plist;
				IPHONEOS_DEPLOYMENT_TARGET = 9.1;
				LD_RUNPATH_SEARCH_PATHS = "$(inherited) @executable_path/Frameworks @loader_path/Frameworks";
				MTL_ENABLE_DEBUG_INFO = NO;
				PRODUCT_BUNDLE_IDENTIFIER = com.mirego.test.UIViewLayoutExampleTests;
				PRODUCT_NAME = "$(TARGET_NAME)";
				TEST_HOST = "$(BUILT_PRODUCTS_DIR)/UIViewLayoutExample.app/UIViewLayoutExample";
			};
			name = Coverage;
		};
		32C47E111BF637E100E06372 /* Release */ = {
			isa = XCBuildConfiguration;
			buildSettings = {
				BUNDLE_LOADER = "$(TEST_HOST)";
				CLANG_ENABLE_MODULES = YES;
				CLANG_WARN_BOOL_CONVERSION = YES;
				CLANG_WARN_DIRECT_OBJC_ISA_USAGE = YES_ERROR;
				CLANG_WARN_OBJC_ROOT_CLASS = YES_ERROR;
				CLANG_WARN_UNREACHABLE_CODE = YES;
				COPY_PHASE_STRIP = NO;
				DEBUG_INFORMATION_FORMAT = "dwarf-with-dsym";
				ENABLE_NS_ASSERTIONS = NO;
				ENABLE_STRICT_OBJC_MSGSEND = YES;
				GCC_NO_COMMON_BLOCKS = YES;
				GCC_PREFIX_HEADER = "UIViewLayoutExampleTests/UIViewLayoutExampleTests-Prefix.pch";
				GCC_WARN_64_TO_32_BIT_CONVERSION = YES;
				GCC_WARN_ABOUT_RETURN_TYPE = YES_ERROR;
				GCC_WARN_UNDECLARED_SELECTOR = YES;
				GCC_WARN_UNINITIALIZED_AUTOS = YES_AGGRESSIVE;
				GCC_WARN_UNUSED_FUNCTION = YES;
				INFOPLIST_FILE = UIViewLayoutExampleTests/Info.plist;
				IPHONEOS_DEPLOYMENT_TARGET = 9.1;
				LD_RUNPATH_SEARCH_PATHS = "$(inherited) @executable_path/Frameworks @loader_path/Frameworks";
				MTL_ENABLE_DEBUG_INFO = NO;
				PRODUCT_BUNDLE_IDENTIFIER = com.mirego.test.UIViewLayoutExampleTests;
				PRODUCT_NAME = "$(TARGET_NAME)";
				TEST_HOST = "$(BUILT_PRODUCTS_DIR)/UIViewLayoutExample.app/UIViewLayoutExample";
			};
			name = Release;
		};
		A6E494661829A93300692FB5 /* Coverage */ = {
			isa = XCBuildConfiguration;
			buildSettings = {
				ALWAYS_SEARCH_USER_PATHS = NO;
				CLANG_CXX_LANGUAGE_STANDARD = "gnu++0x";
				CLANG_CXX_LIBRARY = "libc++";
				CLANG_ENABLE_OBJC_ARC = YES;
				CLANG_WARN_CONSTANT_CONVERSION = YES;
				CLANG_WARN_EMPTY_BODY = YES;
				CLANG_WARN_ENUM_CONVERSION = YES;
				CLANG_WARN_INT_CONVERSION = YES;
				CLANG_WARN__DUPLICATE_METHOD_MATCH = YES;
				"CODE_SIGN_IDENTITY[sdk=iphoneos*]" = "iPhone Developer";
				COPY_PHASE_STRIP = NO;
				GCC_C_LANGUAGE_STANDARD = gnu99;
				GCC_DYNAMIC_NO_PIC = NO;
				GCC_GENERATE_TEST_COVERAGE_FILES = YES;
				GCC_INSTRUMENT_PROGRAM_FLOW_ARCS = YES;
				GCC_OPTIMIZATION_LEVEL = 0;
				GCC_PREPROCESSOR_DEFINITIONS = (
					"DEBUG=1",
					"$(inherited)",
				);
				GCC_SYMBOLS_PRIVATE_EXTERN = NO;
				GCC_WARN_ABOUT_RETURN_TYPE = YES;
				GCC_WARN_UNINITIALIZED_AUTOS = YES;
				GCC_WARN_UNUSED_VARIABLE = YES;
				IPHONEOS_DEPLOYMENT_TARGET = 6.1;
				ONLY_ACTIVE_ARCH = NO;
				SDKROOT = iphoneos;
			};
			name = Coverage;
		};
		A6E494671829A93300692FB5 /* Coverage */ = {
			isa = XCBuildConfiguration;
			buildSettings = {
				GCC_PRECOMPILE_PREFIX_HEADER = YES;
				GCC_PREFIX_HEADER = "UIViewLayoutExample/UIViewLayoutExample-Prefix.pch";
				INFOPLIST_FILE = "UIViewLayoutExample/UIViewLayoutExample-Info.plist";
				IPHONEOS_DEPLOYMENT_TARGET = 6.1;
				PRODUCT_BUNDLE_IDENTIFIER = "com.mirego.${PRODUCT_NAME:rfc1034identifier}";
				PRODUCT_NAME = "$(TARGET_NAME)";
				TARGETED_DEVICE_FAMILY = "1,2";
				WRAPPER_EXTENSION = app;
			};
			name = Coverage;
		};
/* End XCBuildConfiguration section */

/* Begin XCConfigurationList section */
		09ABD57D16E8ECF200290BB3 /* Build configuration list for PBXProject "UIViewLayoutExample" */ = {
			isa = XCConfigurationList;
			buildConfigurations = (
				09ABD59D16E8ECF300290BB3 /* Debug */,
				A6E494661829A93300692FB5 /* Coverage */,
				09ABD59E16E8ECF300290BB3 /* Release */,
			);
			defaultConfigurationIsVisible = 0;
			defaultConfigurationName = Release;
		};
		09ABD59F16E8ECF300290BB3 /* Build configuration list for PBXNativeTarget "UIViewLayoutExample" */ = {
			isa = XCConfigurationList;
			buildConfigurations = (
				09ABD5A016E8ECF300290BB3 /* Debug */,
				A6E494671829A93300692FB5 /* Coverage */,
				09ABD5A116E8ECF300290BB3 /* Release */,
			);
			defaultConfigurationIsVisible = 0;
			defaultConfigurationName = Release;
		};
		32C47E0E1BF637E100E06372 /* Build configuration list for PBXNativeTarget "UIViewLayoutExampleTests" */ = {
			isa = XCConfigurationList;
			buildConfigurations = (
				32C47E0F1BF637E100E06372 /* Debug */,
				32C47E101BF637E100E06372 /* Coverage */,
				32C47E111BF637E100E06372 /* Release */,
			);
			defaultConfigurationIsVisible = 0;
		};
/* End XCConfigurationList section */
	};
	rootObject = 09ABD57A16E8ECF200290BB3 /* Project object */;
}
