// !$*UTF8*$!
{
	archiveVersion = 1;
	classes = {
	};
	objectVersion = 46;
	objects = {

/* Begin PBXBuildFile section */
		09ABD58616E8ECF300290BB3 /* UIKit.framework in Frameworks */ = {isa = PBXBuildFile; fileRef = 09ABD58516E8ECF300290BB3 /* UIKit.framework */; };
		09ABD58816E8ECF300290BB3 /* Foundation.framework in Frameworks */ = {isa = PBXBuildFile; fileRef = 09ABD58716E8ECF300290BB3 /* Foundation.framework */; };
		09ABD58A16E8ECF300290BB3 /* CoreGraphics.framework in Frameworks */ = {isa = PBXBuildFile; fileRef = 09ABD58916E8ECF300290BB3 /* CoreGraphics.framework */; };
		09ABD59016E8ECF300290BB3 /* InfoPlist.strings in Resources */ = {isa = PBXBuildFile; fileRef = 09ABD58E16E8ECF300290BB3 /* InfoPlist.strings */; };
		09ABD59216E8ECF300290BB3 /* main.m in Sources */ = {isa = PBXBuildFile; fileRef = 09ABD59116E8ECF300290BB3 /* main.m */; };
		09ABD59616E8ECF300290BB3 /* AppDelegate.m in Sources */ = {isa = PBXBuildFile; fileRef = 09ABD59516E8ECF300290BB3 /* AppDelegate.m */; };
		09ABD59816E8ECF300290BB3 /* Default.png in Resources */ = {isa = PBXBuildFile; fileRef = 09ABD59716E8ECF300290BB3 /* Default.png */; };
		09ABD59A16E8ECF300290BB3 /* Default@2x.png in Resources */ = {isa = PBXBuildFile; fileRef = 09ABD59916E8ECF300290BB3 /* Default@2x.png */; };
		09ABD59C16E8ECF300290BB3 /* Default-568h@2x.png in Resources */ = {isa = PBXBuildFile; fileRef = 09ABD59B16E8ECF300290BB3 /* Default-568h@2x.png */; };
		5E6C83471746A74F00BB872E /* SenTestingKit.framework in Frameworks */ = {isa = PBXBuildFile; fileRef = 5E6C83461746A74F00BB872E /* SenTestingKit.framework */; };
		5E6C83481746A74F00BB872E /* UIKit.framework in Frameworks */ = {isa = PBXBuildFile; fileRef = 09ABD58516E8ECF300290BB3 /* UIKit.framework */; };
		5E6C83491746A74F00BB872E /* Foundation.framework in Frameworks */ = {isa = PBXBuildFile; fileRef = 09ABD58716E8ECF300290BB3 /* Foundation.framework */; };
		5E6C834F1746A74F00BB872E /* InfoPlist.strings in Resources */ = {isa = PBXBuildFile; fileRef = 5E6C834D1746A74F00BB872E /* InfoPlist.strings */; };
		5E6C83521746A74F00BB872E /* UIView_MCLayoutInSuperViewTest.m in Sources */ = {isa = PBXBuildFile; fileRef = 5E6C83511746A74F00BB872E /* UIView_MCLayoutInSuperViewTest.m */; };
		5E92212A1746B927001C6FEC /* CoreGraphics.framework in Frameworks */ = {isa = PBXBuildFile; fileRef = 09ABD58916E8ECF300290BB3 /* CoreGraphics.framework */; };
		915CC036C17BE1BC5CCE2517 /* UIView+MCLayoutDeprecated.m in Sources */ = {isa = PBXBuildFile; fileRef = 915CC490438FC7F0C4280A4E /* UIView+MCLayoutDeprecated.m */; };
		915CC1C38A309CC53EF0A7BC /* MCUIViewExampleUIFactory.m in Sources */ = {isa = PBXBuildFile; fileRef = 915CC2122AFA59E400174116 /* MCUIViewExampleUIFactory.m */; };
		915CC234176C38B004A184DA /* MCUIViewLayoutRootController.m in Sources */ = {isa = PBXBuildFile; fileRef = 915CCFD54737A43192F21DB9 /* MCUIViewLayoutRootController.m */; };
		915CC5B275A71889FD56C8F7 /* UIView_MCLayoutSizeAndPositionBaseMethodTest.m in Sources */ = {isa = PBXBuildFile; fileRef = 915CCBBDF035C678C368819F /* UIView_MCLayoutSizeAndPositionBaseMethodTest.m */; };
		915CC6E54B99B785AAB25B9B /* UIView+MCLayoutDeprecated.m in Sources */ = {isa = PBXBuildFile; fileRef = 915CC490438FC7F0C4280A4E /* UIView+MCLayoutDeprecated.m */; };
		915CCA7A367EF8173AB5D7E3 /* MCUIViewLayoutExampleMenuView.m in Sources */ = {isa = PBXBuildFile; fileRef = 915CCAFCAE539F379DDA60E1 /* MCUIViewLayoutExampleMenuView.m */; };
		915CCC00441E907727365383 /* MCUIViewLayoutExampleSetPosition.m in Sources */ = {isa = PBXBuildFile; fileRef = 915CC9F339EE34C5EFB71925 /* MCUIViewLayoutExampleSetPosition.m */; };
		915CCD3D1192C7EE590BBBC3 /* MCUIViewLayoutExampleSetRelativePosition.m in Sources */ = {isa = PBXBuildFile; fileRef = 915CCB9122A70EB9F47C5BB7 /* MCUIViewLayoutExampleSetRelativePosition.m */; };
		915CCE88A51CB1FD1872FAD7 /* UIView_MCLayoutBesideSiblingTest.m in Sources */ = {isa = PBXBuildFile; fileRef = 915CC680291CC2F230EF5371 /* UIView_MCLayoutBesideSiblingTest.m */; };
		BF930161D3B969E8FCE8DBE4 /* GeometryTestingHelper.m in Sources */ = {isa = PBXBuildFile; fileRef = BF9303A636A8ECB35132EAAD /* GeometryTestingHelper.m */; };
		BF9307FDE6406D33B8966E95 /* MCUIViewLayoutPosition.m in Sources */ = {isa = PBXBuildFile; fileRef = BF93017C2A02E04CC15591BF /* MCUIViewLayoutPosition.m */; };
		BF930920665F2EF890D53326 /* MCUIViewLayoutPosition.m in Sources */ = {isa = PBXBuildFile; fileRef = BF93017C2A02E04CC15591BF /* MCUIViewLayoutPosition.m */; };
		BF9309EF8B616810BB8D9A6D /* MCUIViewLayoutPositionTest.m in Sources */ = {isa = PBXBuildFile; fileRef = BF93022FB48635DBB10A1506 /* MCUIViewLayoutPositionTest.m */; };
		FA41FEF91703D35100071708 /* UIView+MCLayout.m in Sources */ = {isa = PBXBuildFile; fileRef = FA41FEF81703D35100071708 /* UIView+MCLayout.m */; };
		FA83DAE2176351960007FF9B /* UIView+MCLayout.m in Sources */ = {isa = PBXBuildFile; fileRef = FA41FEF81703D35100071708 /* UIView+MCLayout.m */; };
/* End PBXBuildFile section */

/* Begin PBXFileReference section */
		09ABD58216E8ECF300290BB3 /* UIViewLayoutExample.app */ = {isa = PBXFileReference; explicitFileType = wrapper.application; includeInIndex = 0; path = UIViewLayoutExample.app; sourceTree = BUILT_PRODUCTS_DIR; };
		09ABD58516E8ECF300290BB3 /* UIKit.framework */ = {isa = PBXFileReference; lastKnownFileType = wrapper.framework; name = UIKit.framework; path = System/Library/Frameworks/UIKit.framework; sourceTree = SDKROOT; };
		09ABD58716E8ECF300290BB3 /* Foundation.framework */ = {isa = PBXFileReference; lastKnownFileType = wrapper.framework; name = Foundation.framework; path = System/Library/Frameworks/Foundation.framework; sourceTree = SDKROOT; };
		09ABD58916E8ECF300290BB3 /* CoreGraphics.framework */ = {isa = PBXFileReference; lastKnownFileType = wrapper.framework; name = CoreGraphics.framework; path = System/Library/Frameworks/CoreGraphics.framework; sourceTree = SDKROOT; };
		09ABD58D16E8ECF300290BB3 /* UIViewLayoutExample-Info.plist */ = {isa = PBXFileReference; lastKnownFileType = text.plist.xml; path = "UIViewLayoutExample-Info.plist"; sourceTree = "<group>"; };
		09ABD58F16E8ECF300290BB3 /* en */ = {isa = PBXFileReference; lastKnownFileType = text.plist.strings; name = en; path = en.lproj/InfoPlist.strings; sourceTree = "<group>"; };
		09ABD59116E8ECF300290BB3 /* main.m */ = {isa = PBXFileReference; lastKnownFileType = sourcecode.c.objc; path = main.m; sourceTree = "<group>"; };
		09ABD59316E8ECF300290BB3 /* UIViewLayoutExample-Prefix.pch */ = {isa = PBXFileReference; lastKnownFileType = sourcecode.c.h; path = "UIViewLayoutExample-Prefix.pch"; sourceTree = "<group>"; };
		09ABD59416E8ECF300290BB3 /* AppDelegate.h */ = {isa = PBXFileReference; lastKnownFileType = sourcecode.c.h; path = AppDelegate.h; sourceTree = "<group>"; };
		09ABD59516E8ECF300290BB3 /* AppDelegate.m */ = {isa = PBXFileReference; lastKnownFileType = sourcecode.c.objc; path = AppDelegate.m; sourceTree = "<group>"; };
		09ABD59716E8ECF300290BB3 /* Default.png */ = {isa = PBXFileReference; lastKnownFileType = image.png; path = Default.png; sourceTree = "<group>"; };
		09ABD59916E8ECF300290BB3 /* Default@2x.png */ = {isa = PBXFileReference; lastKnownFileType = image.png; path = "Default@2x.png"; sourceTree = "<group>"; };
		09ABD59B16E8ECF300290BB3 /* Default-568h@2x.png */ = {isa = PBXFileReference; lastKnownFileType = image.png; path = "Default-568h@2x.png"; sourceTree = "<group>"; };
		5E6C83451746A74F00BB872E /* UIViewLayoutExampleTests.octest */ = {isa = PBXFileReference; explicitFileType = wrapper.cfbundle; includeInIndex = 0; path = UIViewLayoutExampleTests.octest; sourceTree = BUILT_PRODUCTS_DIR; };
		5E6C83461746A74F00BB872E /* SenTestingKit.framework */ = {isa = PBXFileReference; lastKnownFileType = wrapper.framework; name = SenTestingKit.framework; path = Library/Frameworks/SenTestingKit.framework; sourceTree = DEVELOPER_DIR; };
		5E6C834C1746A74F00BB872E /* UIViewLayoutExampleTests-Info.plist */ = {isa = PBXFileReference; lastKnownFileType = text.plist.xml; path = "UIViewLayoutExampleTests-Info.plist"; sourceTree = "<group>"; };
		5E6C834E1746A74F00BB872E /* en */ = {isa = PBXFileReference; lastKnownFileType = text.plist.strings; name = en; path = en.lproj/InfoPlist.strings; sourceTree = "<group>"; };
		5E6C83501746A74F00BB872E /* UIView_MCLayoutInSuperViewTest.h */ = {isa = PBXFileReference; lastKnownFileType = sourcecode.c.h; path = UIView_MCLayoutInSuperViewTest.h; sourceTree = "<group>"; };
		5E6C83511746A74F00BB872E /* UIView_MCLayoutInSuperViewTest.m */ = {isa = PBXFileReference; lastKnownFileType = sourcecode.c.objc; path = UIView_MCLayoutInSuperViewTest.m; sourceTree = "<group>"; };
		5E6C83531746A74F00BB872E /* UIViewLayoutExampleTests-Prefix.pch */ = {isa = PBXFileReference; lastKnownFileType = sourcecode.c.h; path = "UIViewLayoutExampleTests-Prefix.pch"; sourceTree = "<group>"; };
		915CC00B966DD189ED394F8E /* MCUIViewLayoutExampleSetPosition.h */ = {isa = PBXFileReference; fileEncoding = 4; lastKnownFileType = sourcecode.c.h; path = MCUIViewLayoutExampleSetPosition.h; sourceTree = "<group>"; };
		915CC2122AFA59E400174116 /* MCUIViewExampleUIFactory.m */ = {isa = PBXFileReference; fileEncoding = 4; lastKnownFileType = sourcecode.c.objc; path = MCUIViewExampleUIFactory.m; sourceTree = "<group>"; };
		915CC490438FC7F0C4280A4E /* UIView+MCLayoutDeprecated.m */ = {isa = PBXFileReference; fileEncoding = 4; lastKnownFileType = sourcecode.c.objc; path = "UIView+MCLayoutDeprecated.m"; sourceTree = "<group>"; };
		915CC583EAC96379F74A17BA /* MCUIViewLayoutExampleSetRelativePosition.h */ = {isa = PBXFileReference; fileEncoding = 4; lastKnownFileType = sourcecode.c.h; path = MCUIViewLayoutExampleSetRelativePosition.h; sourceTree = "<group>"; };
		915CC5E96A22B9D2595F79FB /* UIView+MCLayoutDeprecated.h */ = {isa = PBXFileReference; fileEncoding = 4; lastKnownFileType = sourcecode.c.h; path = "UIView+MCLayoutDeprecated.h"; sourceTree = "<group>"; };
		915CC680291CC2F230EF5371 /* UIView_MCLayoutBesideSiblingTest.m */ = {isa = PBXFileReference; fileEncoding = 4; lastKnownFileType = sourcecode.c.objc; path = UIView_MCLayoutBesideSiblingTest.m; sourceTree = "<group>"; };
		915CC9F339EE34C5EFB71925 /* MCUIViewLayoutExampleSetPosition.m */ = {isa = PBXFileReference; fileEncoding = 4; lastKnownFileType = sourcecode.c.objc; path = MCUIViewLayoutExampleSetPosition.m; sourceTree = "<group>"; };
		915CCAB334DF61FFB551D7B7 /* MCUIViewLayoutExampleMenuView.h */ = {isa = PBXFileReference; fileEncoding = 4; lastKnownFileType = sourcecode.c.h; path = MCUIViewLayoutExampleMenuView.h; sourceTree = "<group>"; };
		915CCAFCAE539F379DDA60E1 /* MCUIViewLayoutExampleMenuView.m */ = {isa = PBXFileReference; fileEncoding = 4; lastKnownFileType = sourcecode.c.objc; path = MCUIViewLayoutExampleMenuView.m; sourceTree = "<group>"; };
		915CCB9122A70EB9F47C5BB7 /* MCUIViewLayoutExampleSetRelativePosition.m */ = {isa = PBXFileReference; fileEncoding = 4; lastKnownFileType = sourcecode.c.objc; path = MCUIViewLayoutExampleSetRelativePosition.m; sourceTree = "<group>"; };
		915CCBBDF035C678C368819F /* UIView_MCLayoutSizeAndPositionBaseMethodTest.m */ = {isa = PBXFileReference; fileEncoding = 4; lastKnownFileType = sourcecode.c.objc; path = UIView_MCLayoutSizeAndPositionBaseMethodTest.m; sourceTree = "<group>"; };
		915CCE60E1848B1160874933 /* UIView_MCLayoutSizeAndPositionBaseMethodTest.h */ = {isa = PBXFileReference; fileEncoding = 4; lastKnownFileType = sourcecode.c.h; path = UIView_MCLayoutSizeAndPositionBaseMethodTest.h; sourceTree = "<group>"; };
		915CCE9B66464E120F02DF6F /* MCUIViewLayoutRootController.h */ = {isa = PBXFileReference; fileEncoding = 4; lastKnownFileType = sourcecode.c.h; path = MCUIViewLayoutRootController.h; sourceTree = "<group>"; };
		915CCF1DC8E609DEFDA5004D /* MCUIViewExampleUIFactory.h */ = {isa = PBXFileReference; fileEncoding = 4; lastKnownFileType = sourcecode.c.h; path = MCUIViewExampleUIFactory.h; sourceTree = "<group>"; };
		915CCFD54737A43192F21DB9 /* MCUIViewLayoutRootController.m */ = {isa = PBXFileReference; fileEncoding = 4; lastKnownFileType = sourcecode.c.objc; path = MCUIViewLayoutRootController.m; sourceTree = "<group>"; };
		915CCFF62977398CEF365092 /* UIView_MCLayoutBesideSiblingTest.h */ = {isa = PBXFileReference; fileEncoding = 4; lastKnownFileType = sourcecode.c.h; path = UIView_MCLayoutBesideSiblingTest.h; sourceTree = "<group>"; };
		BF93017C2A02E04CC15591BF /* MCUIViewLayoutPosition.m */ = {isa = PBXFileReference; fileEncoding = 4; lastKnownFileType = sourcecode.c.objc; path = MCUIViewLayoutPosition.m; sourceTree = "<group>"; };
		BF93022FB48635DBB10A1506 /* MCUIViewLayoutPositionTest.m */ = {isa = PBXFileReference; fileEncoding = 4; lastKnownFileType = sourcecode.c.objc; path = MCUIViewLayoutPositionTest.m; sourceTree = "<group>"; };
		BF9303A636A8ECB35132EAAD /* GeometryTestingHelper.m */ = {isa = PBXFileReference; fileEncoding = 4; lastKnownFileType = sourcecode.c.objc; path = GeometryTestingHelper.m; sourceTree = "<group>"; };
		BF9303D4523E08697F37E232 /* MCUIViewLayoutPositionTest.h */ = {isa = PBXFileReference; fileEncoding = 4; lastKnownFileType = sourcecode.c.h; path = MCUIViewLayoutPositionTest.h; sourceTree = "<group>"; };
		BF9305FFE48374C7414278C6 /* GeometryTestingHelper.h */ = {isa = PBXFileReference; fileEncoding = 4; lastKnownFileType = sourcecode.c.h; path = GeometryTestingHelper.h; sourceTree = "<group>"; };
		BF930D8EB447693A4A094EA0 /* MCUIViewLayoutPosition.h */ = {isa = PBXFileReference; fileEncoding = 4; lastKnownFileType = sourcecode.c.h; path = MCUIViewLayoutPosition.h; sourceTree = "<group>"; };
		FA41FEF71703D35100071708 /* UIView+MCLayout.h */ = {isa = PBXFileReference; fileEncoding = 4; lastKnownFileType = sourcecode.c.h; path = "UIView+MCLayout.h"; sourceTree = "<group>"; };
		FA41FEF81703D35100071708 /* UIView+MCLayout.m */ = {isa = PBXFileReference; fileEncoding = 4; lastKnownFileType = sourcecode.c.objc; path = "UIView+MCLayout.m"; sourceTree = "<group>"; };
/* End PBXFileReference section */

/* Begin PBXFrameworksBuildPhase section */
		09ABD57F16E8ECF300290BB3 /* Frameworks */ = {
			isa = PBXFrameworksBuildPhase;
			buildActionMask = 2147483647;
			files = (
				09ABD58616E8ECF300290BB3 /* UIKit.framework in Frameworks */,
				09ABD58816E8ECF300290BB3 /* Foundation.framework in Frameworks */,
				09ABD58A16E8ECF300290BB3 /* CoreGraphics.framework in Frameworks */,
			);
			runOnlyForDeploymentPostprocessing = 0;
		};
		5E6C83411746A74F00BB872E /* Frameworks */ = {
			isa = PBXFrameworksBuildPhase;
			buildActionMask = 2147483647;
			files = (
				5E6C83471746A74F00BB872E /* SenTestingKit.framework in Frameworks */,
				5E6C83481746A74F00BB872E /* UIKit.framework in Frameworks */,
				5E6C83491746A74F00BB872E /* Foundation.framework in Frameworks */,
				5E92212A1746B927001C6FEC /* CoreGraphics.framework in Frameworks */,
			);
			runOnlyForDeploymentPostprocessing = 0;
		};
/* End PBXFrameworksBuildPhase section */

/* Begin PBXGroup section */
		09ABD57916E8ECF200290BB3 = {
			isa = PBXGroup;
			children = (
				FA41FEF61703D35100071708 /* MCUIViewLayout */,
				09ABD58B16E8ECF300290BB3 /* UIViewLayoutExample */,
				5E6C834A1746A74F00BB872E /* UIViewLayoutExampleTests */,
				09ABD58416E8ECF300290BB3 /* Frameworks */,
				09ABD58316E8ECF300290BB3 /* Products */,
			);
			sourceTree = "<group>";
		};
		09ABD58316E8ECF300290BB3 /* Products */ = {
			isa = PBXGroup;
			children = (
				09ABD58216E8ECF300290BB3 /* UIViewLayoutExample.app */,
				5E6C83451746A74F00BB872E /* UIViewLayoutExampleTests.octest */,
			);
			name = Products;
			sourceTree = "<group>";
		};
		09ABD58416E8ECF300290BB3 /* Frameworks */ = {
			isa = PBXGroup;
			children = (
				09ABD58516E8ECF300290BB3 /* UIKit.framework */,
				09ABD58716E8ECF300290BB3 /* Foundation.framework */,
				09ABD58916E8ECF300290BB3 /* CoreGraphics.framework */,
				5E6C83461746A74F00BB872E /* SenTestingKit.framework */,
			);
			name = Frameworks;
			sourceTree = "<group>";
		};
		09ABD58B16E8ECF300290BB3 /* UIViewLayoutExample */ = {
			isa = PBXGroup;
			children = (
				09ABD59416E8ECF300290BB3 /* AppDelegate.h */,
				09ABD59516E8ECF300290BB3 /* AppDelegate.m */,
				09ABD58C16E8ECF300290BB3 /* Supporting Files */,
				915CCFD54737A43192F21DB9 /* MCUIViewLayoutRootController.m */,
				915CCE9B66464E120F02DF6F /* MCUIViewLayoutRootController.h */,
				915CC9F339EE34C5EFB71925 /* MCUIViewLayoutExampleSetPosition.m */,
				915CC00B966DD189ED394F8E /* MCUIViewLayoutExampleSetPosition.h */,
				915CCAFCAE539F379DDA60E1 /* MCUIViewLayoutExampleMenuView.m */,
				915CCAB334DF61FFB551D7B7 /* MCUIViewLayoutExampleMenuView.h */,
				915CCB9122A70EB9F47C5BB7 /* MCUIViewLayoutExampleSetRelativePosition.m */,
				915CC583EAC96379F74A17BA /* MCUIViewLayoutExampleSetRelativePosition.h */,
				915CC2122AFA59E400174116 /* MCUIViewExampleUIFactory.m */,
				915CCF1DC8E609DEFDA5004D /* MCUIViewExampleUIFactory.h */,
			);
			path = UIViewLayoutExample;
			sourceTree = "<group>";
		};
		09ABD58C16E8ECF300290BB3 /* Supporting Files */ = {
			isa = PBXGroup;
			children = (
				09ABD58D16E8ECF300290BB3 /* UIViewLayoutExample-Info.plist */,
				09ABD58E16E8ECF300290BB3 /* InfoPlist.strings */,
				09ABD59116E8ECF300290BB3 /* main.m */,
				09ABD59316E8ECF300290BB3 /* UIViewLayoutExample-Prefix.pch */,
				09ABD59716E8ECF300290BB3 /* Default.png */,
				09ABD59916E8ECF300290BB3 /* Default@2x.png */,
				09ABD59B16E8ECF300290BB3 /* Default-568h@2x.png */,
			);
			name = "Supporting Files";
			sourceTree = "<group>";
		};
		5E6C834A1746A74F00BB872E /* UIViewLayoutExampleTests */ = {
			isa = PBXGroup;
			children = (
				5E6C83501746A74F00BB872E /* UIView_MCLayoutInSuperViewTest.h */,
				5E6C83511746A74F00BB872E /* UIView_MCLayoutInSuperViewTest.m */,
				5E6C834B1746A74F00BB872E /* Supporting Files */,
				BF9303D4523E08697F37E232 /* MCUIViewLayoutPositionTest.h */,
				BF93022FB48635DBB10A1506 /* MCUIViewLayoutPositionTest.m */,
				BF9305FFE48374C7414278C6 /* GeometryTestingHelper.h */,
				BF9303A636A8ECB35132EAAD /* GeometryTestingHelper.m */,
				915CCFF62977398CEF365092 /* UIView_MCLayoutBesideSiblingTest.h */,
				915CC680291CC2F230EF5371 /* UIView_MCLayoutBesideSiblingTest.m */,
				915CCE60E1848B1160874933 /* UIView_MCLayoutSizeAndPositionBaseMethodTest.h */,
				915CCBBDF035C678C368819F /* UIView_MCLayoutSizeAndPositionBaseMethodTest.m */,
			);
			path = UIViewLayoutExampleTests;
			sourceTree = "<group>";
		};
		5E6C834B1746A74F00BB872E /* Supporting Files */ = {
			isa = PBXGroup;
			children = (
				5E6C834C1746A74F00BB872E /* UIViewLayoutExampleTests-Info.plist */,
				5E6C834D1746A74F00BB872E /* InfoPlist.strings */,
				5E6C83531746A74F00BB872E /* UIViewLayoutExampleTests-Prefix.pch */,
			);
			name = "Supporting Files";
			sourceTree = "<group>";
		};
		FA41FEF61703D35100071708 /* MCUIViewLayout */ = {
			isa = PBXGroup;
			children = (
				FA41FEF71703D35100071708 /* UIView+MCLayout.h */,
				FA41FEF81703D35100071708 /* UIView+MCLayout.m */,
				BF930D8EB447693A4A094EA0 /* MCUIViewLayoutPosition.h */,
				BF93017C2A02E04CC15591BF /* MCUIViewLayoutPosition.m */,
				915CC490438FC7F0C4280A4E /* UIView+MCLayoutDeprecated.m */,
				915CC5E96A22B9D2595F79FB /* UIView+MCLayoutDeprecated.h */,
			);
			name = MCUIViewLayout;
			path = ../MCUIViewLayout;
			sourceTree = "<group>";
		};
/* End PBXGroup section */

/* Begin PBXNativeTarget section */
		09ABD58116E8ECF300290BB3 /* UIViewLayoutExample */ = {
			isa = PBXNativeTarget;
			buildConfigurationList = 09ABD59F16E8ECF300290BB3 /* Build configuration list for PBXNativeTarget "UIViewLayoutExample" */;
			buildPhases = (
				09ABD57E16E8ECF300290BB3 /* Sources */,
				09ABD57F16E8ECF300290BB3 /* Frameworks */,
				09ABD58016E8ECF300290BB3 /* Resources */,
			);
			buildRules = (
			);
			dependencies = (
			);
			name = UIViewLayoutExample;
			productName = UIViewLayoutExample;
			productReference = 09ABD58216E8ECF300290BB3 /* UIViewLayoutExample.app */;
			productType = "com.apple.product-type.application";
		};
		5E6C83441746A74F00BB872E /* UIViewLayoutExampleTests */ = {
			isa = PBXNativeTarget;
			buildConfigurationList = 5E6C83561746A74F00BB872E /* Build configuration list for PBXNativeTarget "UIViewLayoutExampleTests" */;
			buildPhases = (
				5E6C83401746A74F00BB872E /* Sources */,
				5E6C83411746A74F00BB872E /* Frameworks */,
				5E6C83421746A74F00BB872E /* Resources */,
				5E6C83431746A74F00BB872E /* ShellScript */,
			);
			buildRules = (
			);
			dependencies = (
			);
			name = UIViewLayoutExampleTests;
			productName = UIViewLayoutExampleTests;
			productReference = 5E6C83451746A74F00BB872E /* UIViewLayoutExampleTests.octest */;
			productType = "com.apple.product-type.bundle";
		};
/* End PBXNativeTarget section */

/* Begin PBXProject section */
		09ABD57A16E8ECF200290BB3 /* Project object */ = {
			isa = PBXProject;
			attributes = {
				LastUpgradeCheck = 0460;
				ORGANIZATIONNAME = "Mirego, Inc.";
			};
			buildConfigurationList = 09ABD57D16E8ECF200290BB3 /* Build configuration list for PBXProject "UIViewLayoutExample" */;
			compatibilityVersion = "Xcode 3.2";
			developmentRegion = English;
			hasScannedForEncodings = 0;
			knownRegions = (
				en,
			);
			mainGroup = 09ABD57916E8ECF200290BB3;
			productRefGroup = 09ABD58316E8ECF300290BB3 /* Products */;
			projectDirPath = "";
			projectRoot = "";
			targets = (
				09ABD58116E8ECF300290BB3 /* UIViewLayoutExample */,
				5E6C83441746A74F00BB872E /* UIViewLayoutExampleTests */,
			);
		};
/* End PBXProject section */

/* Begin PBXResourcesBuildPhase section */
		09ABD58016E8ECF300290BB3 /* Resources */ = {
			isa = PBXResourcesBuildPhase;
			buildActionMask = 2147483647;
			files = (
				09ABD59016E8ECF300290BB3 /* InfoPlist.strings in Resources */,
				09ABD59816E8ECF300290BB3 /* Default.png in Resources */,
				09ABD59A16E8ECF300290BB3 /* Default@2x.png in Resources */,
				09ABD59C16E8ECF300290BB3 /* Default-568h@2x.png in Resources */,
			);
			runOnlyForDeploymentPostprocessing = 0;
		};
		5E6C83421746A74F00BB872E /* Resources */ = {
			isa = PBXResourcesBuildPhase;
			buildActionMask = 2147483647;
			files = (
				5E6C834F1746A74F00BB872E /* InfoPlist.strings in Resources */,
			);
			runOnlyForDeploymentPostprocessing = 0;
		};
/* End PBXResourcesBuildPhase section */

/* Begin PBXShellScriptBuildPhase section */
		5E6C83431746A74F00BB872E /* ShellScript */ = {
			isa = PBXShellScriptBuildPhase;
			buildActionMask = 2147483647;
			files = (
			);
			inputPaths = (
			);
			outputPaths = (
			);
			runOnlyForDeploymentPostprocessing = 0;
			shellPath = /bin/sh;
			shellScript = "# Run the unit tests in this test bundle.\n\"${SYSTEM_DEVELOPER_DIR}/Tools/RunUnitTests\"\n";
		};
/* End PBXShellScriptBuildPhase section */

/* Begin PBXSourcesBuildPhase section */
		09ABD57E16E8ECF300290BB3 /* Sources */ = {
			isa = PBXSourcesBuildPhase;
			buildActionMask = 2147483647;
			files = (
				09ABD59216E8ECF300290BB3 /* main.m in Sources */,
				09ABD59616E8ECF300290BB3 /* AppDelegate.m in Sources */,
				FA41FEF91703D35100071708 /* UIView+MCLayout.m in Sources */,
				915CC234176C38B004A184DA /* MCUIViewLayoutRootController.m in Sources */,
				915CCC00441E907727365383 /* MCUIViewLayoutExampleSetPosition.m in Sources */,
				915CCA7A367EF8173AB5D7E3 /* MCUIViewLayoutExampleMenuView.m in Sources */,
				915CCD3D1192C7EE590BBBC3 /* MCUIViewLayoutExampleSetRelativePosition.m in Sources */,
				915CC1C38A309CC53EF0A7BC /* MCUIViewExampleUIFactory.m in Sources */,
				BF930920665F2EF890D53326 /* MCUIViewLayoutPosition.m in Sources */,
				915CC036C17BE1BC5CCE2517 /* UIView+MCLayoutDeprecated.m in Sources */,
			);
			runOnlyForDeploymentPostprocessing = 0;
		};
		5E6C83401746A74F00BB872E /* Sources */ = {
			isa = PBXSourcesBuildPhase;
			buildActionMask = 2147483647;
			files = (
				5E6C83521746A74F00BB872E /* UIView_MCLayoutInSuperViewTest.m in Sources */,
				BF9309EF8B616810BB8D9A6D /* MCUIViewLayoutPositionTest.m in Sources */,
				BF930161D3B969E8FCE8DBE4 /* GeometryTestingHelper.m in Sources */,
				BF9307FDE6406D33B8966E95 /* MCUIViewLayoutPosition.m in Sources */,
				FA83DAE2176351960007FF9B /* UIView+MCLayout.m in Sources */,
				915CCE88A51CB1FD1872FAD7 /* UIView_MCLayoutBesideSiblingTest.m in Sources */,
				915CC6E54B99B785AAB25B9B /* UIView+MCLayoutDeprecated.m in Sources */,
				915CC5B275A71889FD56C8F7 /* UIView_MCLayoutSizeAndPositionBaseMethodTest.m in Sources */,
			);
			runOnlyForDeploymentPostprocessing = 0;
		};
/* End PBXSourcesBuildPhase section */

/* Begin PBXVariantGroup section */
		09ABD58E16E8ECF300290BB3 /* InfoPlist.strings */ = {
			isa = PBXVariantGroup;
			children = (
				09ABD58F16E8ECF300290BB3 /* en */,
			);
			name = InfoPlist.strings;
			sourceTree = "<group>";
		};
		5E6C834D1746A74F00BB872E /* InfoPlist.strings */ = {
			isa = PBXVariantGroup;
			children = (
				5E6C834E1746A74F00BB872E /* en */,
			);
			name = InfoPlist.strings;
			sourceTree = "<group>";
		};
/* End PBXVariantGroup section */

/* Begin XCBuildConfiguration section */
		09ABD59D16E8ECF300290BB3 /* Debug */ = {
			isa = XCBuildConfiguration;
			buildSettings = {
				ALWAYS_SEARCH_USER_PATHS = NO;
				CLANG_CXX_LANGUAGE_STANDARD = "gnu++0x";
				CLANG_CXX_LIBRARY = "libc++";
				CLANG_ENABLE_OBJC_ARC = YES;
				CLANG_WARN_CONSTANT_CONVERSION = YES;
				CLANG_WARN_EMPTY_BODY = YES;
				CLANG_WARN_ENUM_CONVERSION = YES;
				CLANG_WARN_INT_CONVERSION = YES;
				CLANG_WARN__DUPLICATE_METHOD_MATCH = YES;
				"CODE_SIGN_IDENTITY[sdk=iphoneos*]" = "iPhone Developer";
				COPY_PHASE_STRIP = NO;
				GCC_C_LANGUAGE_STANDARD = gnu99;
				GCC_DYNAMIC_NO_PIC = NO;
				GCC_OPTIMIZATION_LEVEL = 0;
				GCC_PREPROCESSOR_DEFINITIONS = (
					"DEBUG=1",
					"$(inherited)",
				);
				GCC_SYMBOLS_PRIVATE_EXTERN = NO;
				GCC_WARN_ABOUT_RETURN_TYPE = YES;
				GCC_WARN_UNINITIALIZED_AUTOS = YES;
				GCC_WARN_UNUSED_VARIABLE = YES;
				IPHONEOS_DEPLOYMENT_TARGET = 6.1;
				ONLY_ACTIVE_ARCH = YES;
				SDKROOT = iphoneos;
			};
			name = Debug;
		};
		09ABD59E16E8ECF300290BB3 /* Release */ = {
			isa = XCBuildConfiguration;
			buildSettings = {
				ALWAYS_SEARCH_USER_PATHS = NO;
				CLANG_CXX_LANGUAGE_STANDARD = "gnu++0x";
				CLANG_CXX_LIBRARY = "libc++";
				CLANG_ENABLE_OBJC_ARC = YES;
				CLANG_WARN_CONSTANT_CONVERSION = YES;
				CLANG_WARN_EMPTY_BODY = YES;
				CLANG_WARN_ENUM_CONVERSION = YES;
				CLANG_WARN_INT_CONVERSION = YES;
				CLANG_WARN__DUPLICATE_METHOD_MATCH = YES;
				"CODE_SIGN_IDENTITY[sdk=iphoneos*]" = "iPhone Developer";
				COPY_PHASE_STRIP = YES;
				GCC_C_LANGUAGE_STANDARD = gnu99;
				GCC_WARN_ABOUT_RETURN_TYPE = YES;
				GCC_WARN_UNINITIALIZED_AUTOS = YES;
				GCC_WARN_UNUSED_VARIABLE = YES;
				IPHONEOS_DEPLOYMENT_TARGET = 6.1;
				OTHER_CFLAGS = "-DNS_BLOCK_ASSERTIONS=1";
				SDKROOT = iphoneos;
				VALIDATE_PRODUCT = YES;
			};
			name = Release;
		};
		09ABD5A016E8ECF300290BB3 /* Debug */ = {
			isa = XCBuildConfiguration;
			buildSettings = {
				GCC_PRECOMPILE_PREFIX_HEADER = YES;
				GCC_PREFIX_HEADER = "UIViewLayoutExample/UIViewLayoutExample-Prefix.pch";
				INFOPLIST_FILE = "UIViewLayoutExample/UIViewLayoutExample-Info.plist";
				PRODUCT_NAME = "$(TARGET_NAME)";
				WRAPPER_EXTENSION = app;
			};
			name = Debug;
		};
		09ABD5A116E8ECF300290BB3 /* Release */ = {
			isa = XCBuildConfiguration;
			buildSettings = {
				GCC_PRECOMPILE_PREFIX_HEADER = YES;
				GCC_PREFIX_HEADER = "UIViewLayoutExample/UIViewLayoutExample-Prefix.pch";
				INFOPLIST_FILE = "UIViewLayoutExample/UIViewLayoutExample-Info.plist";
				PRODUCT_NAME = "$(TARGET_NAME)";
				WRAPPER_EXTENSION = app;
			};
			name = Release;
		};
		5E6C83541746A74F00BB872E /* Debug */ = {
			isa = XCBuildConfiguration;
			buildSettings = {
				FRAMEWORK_SEARCH_PATHS = (
					"\"$(SDKROOT)/Developer/Library/Frameworks\"",
					"\"$(DEVELOPER_LIBRARY_DIR)/Frameworks\"",
				);
				GCC_PRECOMPILE_PREFIX_HEADER = YES;
				GCC_PREFIX_HEADER = "UIViewLayoutExampleTests/UIViewLayoutExampleTests-Prefix.pch";
				INFOPLIST_FILE = "UIViewLayoutExampleTests/UIViewLayoutExampleTests-Info.plist";
				PRODUCT_NAME = "$(TARGET_NAME)";
				WRAPPER_EXTENSION = octest;
			};
			name = Debug;
		};
		5E6C83551746A74F00BB872E /* Release */ = {
			isa = XCBuildConfiguration;
			buildSettings = {
				FRAMEWORK_SEARCH_PATHS = (
					"\"$(SDKROOT)/Developer/Library/Frameworks\"",
					"\"$(DEVELOPER_LIBRARY_DIR)/Frameworks\"",
				);
				GCC_PRECOMPILE_PREFIX_HEADER = YES;
				GCC_PREFIX_HEADER = "UIViewLayoutExampleTests/UIViewLayoutExampleTests-Prefix.pch";
				INFOPLIST_FILE = "UIViewLayoutExampleTests/UIViewLayoutExampleTests-Info.plist";
				PRODUCT_NAME = "$(TARGET_NAME)";
				WRAPPER_EXTENSION = octest;
			};
			name = Release;
		};
/* End XCBuildConfiguration section */

/* Begin XCConfigurationList section */
		09ABD57D16E8ECF200290BB3 /* Build configuration list for PBXProject "UIViewLayoutExample" */ = {
			isa = XCConfigurationList;
			buildConfigurations = (
				09ABD59D16E8ECF300290BB3 /* Debug */,
				09ABD59E16E8ECF300290BB3 /* Release */,
			);
			defaultConfigurationIsVisible = 0;
			defaultConfigurationName = Release;
		};
		09ABD59F16E8ECF300290BB3 /* Build configuration list for PBXNativeTarget "UIViewLayoutExample" */ = {
			isa = XCConfigurationList;
			buildConfigurations = (
				09ABD5A016E8ECF300290BB3 /* Debug */,
				09ABD5A116E8ECF300290BB3 /* Release */,
			);
			defaultConfigurationIsVisible = 0;
			defaultConfigurationName = Release;
		};
		5E6C83561746A74F00BB872E /* Build configuration list for PBXNativeTarget "UIViewLayoutExampleTests" */ = {
			isa = XCConfigurationList;
			buildConfigurations = (
				5E6C83541746A74F00BB872E /* Debug */,
				5E6C83551746A74F00BB872E /* Release */,
			);
			defaultConfigurationIsVisible = 0;
			defaultConfigurationName = Release;
		};
/* End XCConfigurationList section */
	};
	rootObject = 09ABD57A16E8ECF200290BB3 /* Project object */;
}
